// !$*UTF8*$!
{
	archiveVersion = 1;
	classes = {
	};
	objectVersion = 50;
	objects = {

/* Begin PBXBuildFile section */
		273730EF242CB92A00D36EF5 /* AppDelegate.swift in Sources */ = {isa = PBXBuildFile; fileRef = 273730EE242CB92A00D36EF5 /* AppDelegate.swift */; };
		273730F1242CB92A00D36EF5 /* SceneDelegate.swift in Sources */ = {isa = PBXBuildFile; fileRef = 273730F0242CB92A00D36EF5 /* SceneDelegate.swift */; };
		273730F3242CB92A00D36EF5 /* ContentView.swift in Sources */ = {isa = PBXBuildFile; fileRef = 273730F2242CB92A00D36EF5 /* ContentView.swift */; };
		273730F5242CB92D00D36EF5 /* Assets.xcassets in Resources */ = {isa = PBXBuildFile; fileRef = 273730F4242CB92D00D36EF5 /* Assets.xcassets */; };
		273730F8242CB92D00D36EF5 /* Preview Assets.xcassets in Resources */ = {isa = PBXBuildFile; fileRef = 273730F7242CB92D00D36EF5 /* Preview Assets.xcassets */; };
		273730FB242CB92D00D36EF5 /* LaunchScreen.storyboard in Resources */ = {isa = PBXBuildFile; fileRef = 273730F9242CB92D00D36EF5 /* LaunchScreen.storyboard */; };
		27373106242CB92E00D36EF5 /* LandmarksTests.swift in Sources */ = {isa = PBXBuildFile; fileRef = 27373105242CB92E00D36EF5 /* LandmarksTests.swift */; };
		27373111242CB92E00D36EF5 /* LandmarksUITests.swift in Sources */ = {isa = PBXBuildFile; fileRef = 27373110242CB92E00D36EF5 /* LandmarksUITests.swift */; };
		2737311F242CC4EC00D36EF5 /* CircleImage.swift in Sources */ = {isa = PBXBuildFile; fileRef = 2737311E242CC4EC00D36EF5 /* CircleImage.swift */; };
/* End PBXBuildFile section */

/* Begin PBXContainerItemProxy section */
		27373102242CB92E00D36EF5 /* PBXContainerItemProxy */ = {
			isa = PBXContainerItemProxy;
			containerPortal = 273730E3242CB92A00D36EF5 /* Project object */;
			proxyType = 1;
			remoteGlobalIDString = 273730EA242CB92A00D36EF5;
			remoteInfo = Landmarks;
		};
		2737310D242CB92E00D36EF5 /* PBXContainerItemProxy */ = {
			isa = PBXContainerItemProxy;
			containerPortal = 273730E3242CB92A00D36EF5 /* Project object */;
			proxyType = 1;
			remoteGlobalIDString = 273730EA242CB92A00D36EF5;
			remoteInfo = Landmarks;
		};
/* End PBXContainerItemProxy section */

/* Begin PBXFileReference section */
		273730EB242CB92A00D36EF5 /* Landmarks.app */ = {isa = PBXFileReference; explicitFileType = wrapper.application; includeInIndex = 0; path = Landmarks.app; sourceTree = BUILT_PRODUCTS_DIR; };
		273730EE242CB92A00D36EF5 /* AppDelegate.swift */ = {isa = PBXFileReference; lastKnownFileType = sourcecode.swift; path = AppDelegate.swift; sourceTree = "<group>"; };
		273730F0242CB92A00D36EF5 /* SceneDelegate.swift */ = {isa = PBXFileReference; lastKnownFileType = sourcecode.swift; path = SceneDelegate.swift; sourceTree = "<group>"; };
		273730F2242CB92A00D36EF5 /* ContentView.swift */ = {isa = PBXFileReference; lastKnownFileType = sourcecode.swift; path = ContentView.swift; sourceTree = "<group>"; };
		273730F4242CB92D00D36EF5 /* Assets.xcassets */ = {isa = PBXFileReference; lastKnownFileType = folder.assetcatalog; path = Assets.xcassets; sourceTree = "<group>"; };
		273730F7242CB92D00D36EF5 /* Preview Assets.xcassets */ = {isa = PBXFileReference; lastKnownFileType = folder.assetcatalog; path = "Preview Assets.xcassets"; sourceTree = "<group>"; };
		273730FA242CB92D00D36EF5 /* Base */ = {isa = PBXFileReference; lastKnownFileType = file.storyboard; name = Base; path = Base.lproj/LaunchScreen.storyboard; sourceTree = "<group>"; };
		273730FC242CB92D00D36EF5 /* Info.plist */ = {isa = PBXFileReference; lastKnownFileType = text.plist.xml; path = Info.plist; sourceTree = "<group>"; };
		27373101242CB92E00D36EF5 /* LandmarksTests.xctest */ = {isa = PBXFileReference; explicitFileType = wrapper.cfbundle; includeInIndex = 0; path = LandmarksTests.xctest; sourceTree = BUILT_PRODUCTS_DIR; };
		27373105242CB92E00D36EF5 /* LandmarksTests.swift */ = {isa = PBXFileReference; lastKnownFileType = sourcecode.swift; path = LandmarksTests.swift; sourceTree = "<group>"; };
		27373107242CB92E00D36EF5 /* Info.plist */ = {isa = PBXFileReference; lastKnownFileType = text.plist.xml; path = Info.plist; sourceTree = "<group>"; };
		2737310C242CB92E00D36EF5 /* LandmarksUITests.xctest */ = {isa = PBXFileReference; explicitFileType = wrapper.cfbundle; includeInIndex = 0; path = LandmarksUITests.xctest; sourceTree = BUILT_PRODUCTS_DIR; };
		27373110242CB92E00D36EF5 /* LandmarksUITests.swift */ = {isa = PBXFileReference; lastKnownFileType = sourcecode.swift; path = LandmarksUITests.swift; sourceTree = "<group>"; };
		27373112242CB92E00D36EF5 /* Info.plist */ = {isa = PBXFileReference; lastKnownFileType = text.plist.xml; path = Info.plist; sourceTree = "<group>"; };
		2737311E242CC4EC00D36EF5 /* CircleImage.swift */ = {isa = PBXFileReference; lastKnownFileType = sourcecode.swift; path = CircleImage.swift; sourceTree = "<group>"; };
/* End PBXFileReference section */

/* Begin PBXFrameworksBuildPhase section */
		273730E8242CB92A00D36EF5 /* Frameworks */ = {
			isa = PBXFrameworksBuildPhase;
			buildActionMask = 2147483647;
			files = (
			);
			runOnlyForDeploymentPostprocessing = 0;
		};
		273730FE242CB92E00D36EF5 /* Frameworks */ = {
			isa = PBXFrameworksBuildPhase;
			buildActionMask = 2147483647;
			files = (
			);
			runOnlyForDeploymentPostprocessing = 0;
		};
		27373109242CB92E00D36EF5 /* Frameworks */ = {
			isa = PBXFrameworksBuildPhase;
			buildActionMask = 2147483647;
			files = (
			);
			runOnlyForDeploymentPostprocessing = 0;
		};
/* End PBXFrameworksBuildPhase section */

/* Begin PBXGroup section */
		273730E2242CB92A00D36EF5 = {
			isa = PBXGroup;
			children = (
				273730ED242CB92A00D36EF5 /* Landmarks */,
				27373104242CB92E00D36EF5 /* LandmarksTests */,
				2737310F242CB92E00D36EF5 /* LandmarksUITests */,
				273730EC242CB92A00D36EF5 /* Products */,
			);
			sourceTree = "<group>";
		};
		273730EC242CB92A00D36EF5 /* Products */ = {
			isa = PBXGroup;
			children = (
				273730EB242CB92A00D36EF5 /* Landmarks.app */,
				27373101242CB92E00D36EF5 /* LandmarksTests.xctest */,
				2737310C242CB92E00D36EF5 /* LandmarksUITests.xctest */,
			);
			name = Products;
			sourceTree = "<group>";
		};
		273730ED242CB92A00D36EF5 /* Landmarks */ = {
			isa = PBXGroup;
			children = (
				273730EE242CB92A00D36EF5 /* AppDelegate.swift */,
				273730F0242CB92A00D36EF5 /* SceneDelegate.swift */,
				273730F2242CB92A00D36EF5 /* ContentView.swift */,
				273730F4242CB92D00D36EF5 /* Assets.xcassets */,
				2737311E242CC4EC00D36EF5 /* CircleImage.swift */,
				273730F9242CB92D00D36EF5 /* LaunchScreen.storyboard */,
				273730FC242CB92D00D36EF5 /* Info.plist */,
				273730F6242CB92D00D36EF5 /* Preview Content */,
			);
			path = Landmarks;
			sourceTree = "<group>";
		};
		273730F6242CB92D00D36EF5 /* Preview Content */ = {
			isa = PBXGroup;
			children = (
				273730F7242CB92D00D36EF5 /* Preview Assets.xcassets */,
			);
			path = "Preview Content";
			sourceTree = "<group>";
		};
		27373104242CB92E00D36EF5 /* LandmarksTests */ = {
			isa = PBXGroup;
			children = (
				27373105242CB92E00D36EF5 /* LandmarksTests.swift */,
				27373107242CB92E00D36EF5 /* Info.plist */,
			);
			path = LandmarksTests;
			sourceTree = "<group>";
		};
		2737310F242CB92E00D36EF5 /* LandmarksUITests */ = {
			isa = PBXGroup;
			children = (
				27373110242CB92E00D36EF5 /* LandmarksUITests.swift */,
				27373112242CB92E00D36EF5 /* Info.plist */,
			);
			path = LandmarksUITests;
			sourceTree = "<group>";
		};
/* End PBXGroup section */

/* Begin PBXNativeTarget section */
		273730EA242CB92A00D36EF5 /* Landmarks */ = {
			isa = PBXNativeTarget;
			buildConfigurationList = 27373115242CB92E00D36EF5 /* Build configuration list for PBXNativeTarget "Landmarks" */;
			buildPhases = (
				273730E7242CB92A00D36EF5 /* Sources */,
				273730E8242CB92A00D36EF5 /* Frameworks */,
				273730E9242CB92A00D36EF5 /* Resources */,
			);
			buildRules = (
			);
			dependencies = (
			);
			name = Landmarks;
			productName = Landmarks;
			productReference = 273730EB242CB92A00D36EF5 /* Landmarks.app */;
			productType = "com.apple.product-type.application";
		};
		27373100242CB92E00D36EF5 /* LandmarksTests */ = {
			isa = PBXNativeTarget;
			buildConfigurationList = 27373118242CB92E00D36EF5 /* Build configuration list for PBXNativeTarget "LandmarksTests" */;
			buildPhases = (
				273730FD242CB92E00D36EF5 /* Sources */,
				273730FE242CB92E00D36EF5 /* Frameworks */,
				273730FF242CB92E00D36EF5 /* Resources */,
			);
			buildRules = (
			);
			dependencies = (
				27373103242CB92E00D36EF5 /* PBXTargetDependency */,
			);
			name = LandmarksTests;
			productName = LandmarksTests;
			productReference = 27373101242CB92E00D36EF5 /* LandmarksTests.xctest */;
			productType = "com.apple.product-type.bundle.unit-test";
		};
		2737310B242CB92E00D36EF5 /* LandmarksUITests */ = {
			isa = PBXNativeTarget;
			buildConfigurationList = 2737311B242CB92E00D36EF5 /* Build configuration list for PBXNativeTarget "LandmarksUITests" */;
			buildPhases = (
				27373108242CB92E00D36EF5 /* Sources */,
				27373109242CB92E00D36EF5 /* Frameworks */,
				2737310A242CB92E00D36EF5 /* Resources */,
			);
			buildRules = (
			);
			dependencies = (
				2737310E242CB92E00D36EF5 /* PBXTargetDependency */,
			);
			name = LandmarksUITests;
			productName = LandmarksUITests;
			productReference = 2737310C242CB92E00D36EF5 /* LandmarksUITests.xctest */;
			productType = "com.apple.product-type.bundle.ui-testing";
		};
/* End PBXNativeTarget section */

/* Begin PBXProject section */
		273730E3242CB92A00D36EF5 /* Project object */ = {
			isa = PBXProject;
			attributes = {
				LastSwiftUpdateCheck = 1130;
				LastUpgradeCheck = 1130;
				ORGANIZATIONNAME = "Sanduni Chamika";
				TargetAttributes = {
					273730EA242CB92A00D36EF5 = {
						CreatedOnToolsVersion = 11.3.1;
					};
					27373100242CB92E00D36EF5 = {
						CreatedOnToolsVersion = 11.3.1;
						TestTargetID = 273730EA242CB92A00D36EF5;
					};
					2737310B242CB92E00D36EF5 = {
						CreatedOnToolsVersion = 11.3.1;
						TestTargetID = 273730EA242CB92A00D36EF5;
					};
				};
			};
			buildConfigurationList = 273730E6242CB92A00D36EF5 /* Build configuration list for PBXProject "Landmarks" */;
			compatibilityVersion = "Xcode 9.3";
			developmentRegion = en;
			hasScannedForEncodings = 0;
			knownRegions = (
				en,
				Base,
			);
			mainGroup = 273730E2242CB92A00D36EF5;
			productRefGroup = 273730EC242CB92A00D36EF5 /* Products */;
			projectDirPath = "";
			projectRoot = "";
			targets = (
				273730EA242CB92A00D36EF5 /* Landmarks */,
				27373100242CB92E00D36EF5 /* LandmarksTests */,
				2737310B242CB92E00D36EF5 /* LandmarksUITests */,
			);
		};
/* End PBXProject section */

/* Begin PBXResourcesBuildPhase section */
		273730E9242CB92A00D36EF5 /* Resources */ = {
			isa = PBXResourcesBuildPhase;
			buildActionMask = 2147483647;
			files = (
				273730FB242CB92D00D36EF5 /* LaunchScreen.storyboard in Resources */,
				273730F8242CB92D00D36EF5 /* Preview Assets.xcassets in Resources */,
				273730F5242CB92D00D36EF5 /* Assets.xcassets in Resources */,
			);
			runOnlyForDeploymentPostprocessing = 0;
		};
		273730FF242CB92E00D36EF5 /* Resources */ = {
			isa = PBXResourcesBuildPhase;
			buildActionMask = 2147483647;
			files = (
			);
			runOnlyForDeploymentPostprocessing = 0;
		};
		2737310A242CB92E00D36EF5 /* Resources */ = {
			isa = PBXResourcesBuildPhase;
			buildActionMask = 2147483647;
			files = (
			);
			runOnlyForDeploymentPostprocessing = 0;
		};
/* End PBXResourcesBuildPhase section */

/* Begin PBXSourcesBuildPhase section */
		273730E7242CB92A00D36EF5 /* Sources */ = {
			isa = PBXSourcesBuildPhase;
			buildActionMask = 2147483647;
			files = (
				273730EF242CB92A00D36EF5 /* AppDelegate.swift in Sources */,
				2737311F242CC4EC00D36EF5 /* CircleImage.swift in Sources */,
				273730F1242CB92A00D36EF5 /* SceneDelegate.swift in Sources */,
				273730F3242CB92A00D36EF5 /* ContentView.swift in Sources */,
			);
			runOnlyForDeploymentPostprocessing = 0;
		};
		273730FD242CB92E00D36EF5 /* Sources */ = {
			isa = PBXSourcesBuildPhase;
			buildActionMask = 2147483647;
			files = (
				27373106242CB92E00D36EF5 /* LandmarksTests.swift in Sources */,
			);
			runOnlyForDeploymentPostprocessing = 0;
		};
		27373108242CB92E00D36EF5 /* Sources */ = {
			isa = PBXSourcesBuildPhase;
			buildActionMask = 2147483647;
			files = (
				27373111242CB92E00D36EF5 /* LandmarksUITests.swift in Sources */,
			);
			runOnlyForDeploymentPostprocessing = 0;
		};
/* End PBXSourcesBuildPhase section */

/* Begin PBXTargetDependency section */
		27373103242CB92E00D36EF5 /* PBXTargetDependency */ = {
			isa = PBXTargetDependency;
			target = 273730EA242CB92A00D36EF5 /* Landmarks */;
			targetProxy = 27373102242CB92E00D36EF5 /* PBXContainerItemProxy */;
		};
		2737310E242CB92E00D36EF5 /* PBXTargetDependency */ = {
			isa = PBXTargetDependency;
			target = 273730EA242CB92A00D36EF5 /* Landmarks */;
			targetProxy = 2737310D242CB92E00D36EF5 /* PBXContainerItemProxy */;
		};
/* End PBXTargetDependency section */

/* Begin PBXVariantGroup section */
		273730F9242CB92D00D36EF5 /* LaunchScreen.storyboard */ = {
			isa = PBXVariantGroup;
			children = (
				273730FA242CB92D00D36EF5 /* Base */,
			);
			name = LaunchScreen.storyboard;
			sourceTree = "<group>";
		};
/* End PBXVariantGroup section */

/* Begin XCBuildConfiguration section */
		27373113242CB92E00D36EF5 /* Debug */ = {
			isa = XCBuildConfiguration;
			buildSettings = {
				ALWAYS_SEARCH_USER_PATHS = NO;
				CLANG_ANALYZER_NONNULL = YES;
				CLANG_ANALYZER_NUMBER_OBJECT_CONVERSION = YES_AGGRESSIVE;
				CLANG_CXX_LANGUAGE_STANDARD = "gnu++14";
				CLANG_CXX_LIBRARY = "libc++";
				CLANG_ENABLE_MODULES = YES;
				CLANG_ENABLE_OBJC_ARC = YES;
				CLANG_ENABLE_OBJC_WEAK = YES;
				CLANG_WARN_BLOCK_CAPTURE_AUTORELEASING = YES;
				CLANG_WARN_BOOL_CONVERSION = YES;
				CLANG_WARN_COMMA = YES;
				CLANG_WARN_CONSTANT_CONVERSION = YES;
				CLANG_WARN_DEPRECATED_OBJC_IMPLEMENTATIONS = YES;
				CLANG_WARN_DIRECT_OBJC_ISA_USAGE = YES_ERROR;
				CLANG_WARN_DOCUMENTATION_COMMENTS = YES;
				CLANG_WARN_EMPTY_BODY = YES;
				CLANG_WARN_ENUM_CONVERSION = YES;
				CLANG_WARN_INFINITE_RECURSION = YES;
				CLANG_WARN_INT_CONVERSION = YES;
				CLANG_WARN_NON_LITERAL_NULL_CONVERSION = YES;
				CLANG_WARN_OBJC_IMPLICIT_RETAIN_SELF = YES;
				CLANG_WARN_OBJC_LITERAL_CONVERSION = YES;
				CLANG_WARN_OBJC_ROOT_CLASS = YES_ERROR;
				CLANG_WARN_RANGE_LOOP_ANALYSIS = YES;
				CLANG_WARN_STRICT_PROTOTYPES = YES;
				CLANG_WARN_SUSPICIOUS_MOVE = YES;
				CLANG_WARN_UNGUARDED_AVAILABILITY = YES_AGGRESSIVE;
				CLANG_WARN_UNREACHABLE_CODE = YES;
				CLANG_WARN__DUPLICATE_METHOD_MATCH = YES;
				COPY_PHASE_STRIP = NO;
				DEBUG_INFORMATION_FORMAT = dwarf;
				ENABLE_STRICT_OBJC_MSGSEND = YES;
				ENABLE_TESTABILITY = YES;
				GCC_C_LANGUAGE_STANDARD = gnu11;
				GCC_DYNAMIC_NO_PIC = NO;
				GCC_NO_COMMON_BLOCKS = YES;
				GCC_OPTIMIZATION_LEVEL = 0;
				GCC_PREPROCESSOR_DEFINITIONS = (
					"DEBUG=1",
					"$(inherited)",
				);
				GCC_WARN_64_TO_32_BIT_CONVERSION = YES;
				GCC_WARN_ABOUT_RETURN_TYPE = YES_ERROR;
				GCC_WARN_UNDECLARED_SELECTOR = YES;
				GCC_WARN_UNINITIALIZED_AUTOS = YES_AGGRESSIVE;
				GCC_WARN_UNUSED_FUNCTION = YES;
				GCC_WARN_UNUSED_VARIABLE = YES;
				IPHONEOS_DEPLOYMENT_TARGET = 13.2;
				MTL_ENABLE_DEBUG_INFO = INCLUDE_SOURCE;
				MTL_FAST_MATH = YES;
				ONLY_ACTIVE_ARCH = YES;
				SDKROOT = iphoneos;
				SWIFT_ACTIVE_COMPILATION_CONDITIONS = DEBUG;
				SWIFT_OPTIMIZATION_LEVEL = "-Onone";
			};
			name = Debug;
		};
		27373114242CB92E00D36EF5 /* Release */ = {
			isa = XCBuildConfiguration;
			buildSettings = {
				ALWAYS_SEARCH_USER_PATHS = NO;
				CLANG_ANALYZER_NONNULL = YES;
				CLANG_ANALYZER_NUMBER_OBJECT_CONVERSION = YES_AGGRESSIVE;
				CLANG_CXX_LANGUAGE_STANDARD = "gnu++14";
				CLANG_CXX_LIBRARY = "libc++";
				CLANG_ENABLE_MODULES = YES;
				CLANG_ENABLE_OBJC_ARC = YES;
				CLANG_ENABLE_OBJC_WEAK = YES;
				CLANG_WARN_BLOCK_CAPTURE_AUTORELEASING = YES;
				CLANG_WARN_BOOL_CONVERSION = YES;
				CLANG_WARN_COMMA = YES;
				CLANG_WARN_CONSTANT_CONVERSION = YES;
				CLANG_WARN_DEPRECATED_OBJC_IMPLEMENTATIONS = YES;
				CLANG_WARN_DIRECT_OBJC_ISA_USAGE = YES_ERROR;
				CLANG_WARN_DOCUMENTATION_COMMENTS = YES;
				CLANG_WARN_EMPTY_BODY = YES;
				CLANG_WARN_ENUM_CONVERSION = YES;
				CLANG_WARN_INFINITE_RECURSION = YES;
				CLANG_WARN_INT_CONVERSION = YES;
				CLANG_WARN_NON_LITERAL_NULL_CONVERSION = YES;
				CLANG_WARN_OBJC_IMPLICIT_RETAIN_SELF = YES;
				CLANG_WARN_OBJC_LITERAL_CONVERSION = YES;
				CLANG_WARN_OBJC_ROOT_CLASS = YES_ERROR;
				CLANG_WARN_RANGE_LOOP_ANALYSIS = YES;
				CLANG_WARN_STRICT_PROTOTYPES = YES;
				CLANG_WARN_SUSPICIOUS_MOVE = YES;
				CLANG_WARN_UNGUARDED_AVAILABILITY = YES_AGGRESSIVE;
				CLANG_WARN_UNREACHABLE_CODE = YES;
				CLANG_WARN__DUPLICATE_METHOD_MATCH = YES;
				COPY_PHASE_STRIP = NO;
				DEBUG_INFORMATION_FORMAT = "dwarf-with-dsym";
				ENABLE_NS_ASSERTIONS = NO;
				ENABLE_STRICT_OBJC_MSGSEND = YES;
				GCC_C_LANGUAGE_STANDARD = gnu11;
				GCC_NO_COMMON_BLOCKS = YES;
				GCC_WARN_64_TO_32_BIT_CONVERSION = YES;
				GCC_WARN_ABOUT_RETURN_TYPE = YES_ERROR;
				GCC_WARN_UNDECLARED_SELECTOR = YES;
				GCC_WARN_UNINITIALIZED_AUTOS = YES_AGGRESSIVE;
				GCC_WARN_UNUSED_FUNCTION = YES;
				GCC_WARN_UNUSED_VARIABLE = YES;
				IPHONEOS_DEPLOYMENT_TARGET = 13.2;
				MTL_ENABLE_DEBUG_INFO = NO;
				MTL_FAST_MATH = YES;
				SDKROOT = iphoneos;
				SWIFT_COMPILATION_MODE = wholemodule;
				SWIFT_OPTIMIZATION_LEVEL = "-O";
				VALIDATE_PRODUCT = YES;
			};
			name = Release;
		};
		27373116242CB92E00D36EF5 /* Debug */ = {
			isa = XCBuildConfiguration;
			buildSettings = {
				ASSETCATALOG_COMPILER_APPICON_NAME = AppIcon;
				CODE_SIGN_STYLE = Automatic;
				DEVELOPMENT_ASSET_PATHS = "\"Landmarks/Preview Content\"";
				DEVELOPMENT_TEAM = 5JFWT777X3;
				ENABLE_PREVIEWS = YES;
				INFOPLIST_FILE = Landmarks/Info.plist;
				LD_RUNPATH_SEARCH_PATHS = (
					"$(inherited)",
					"@executable_path/Frameworks",
				);
				PRODUCT_BUNDLE_IDENTIFIER = sanc.Landmarks;
				PRODUCT_NAME = "$(TARGET_NAME)";
				SWIFT_VERSION = 5.0;
				TARGETED_DEVICE_FAMILY = "1,2";
			};
			name = Debug;
		};
		27373117242CB92E00D36EF5 /* Release */ = {
			isa = XCBuildConfiguration;
			buildSettings = {
				ASSETCATALOG_COMPILER_APPICON_NAME = AppIcon;
				CODE_SIGN_STYLE = Automatic;
				DEVELOPMENT_ASSET_PATHS = "\"Landmarks/Preview Content\"";
				DEVELOPMENT_TEAM = 5JFWT777X3;
				ENABLE_PREVIEWS = YES;
				INFOPLIST_FILE = Landmarks/Info.plist;
				LD_RUNPATH_SEARCH_PATHS = (
					"$(inherited)",
					"@executable_path/Frameworks",
				);
				PRODUCT_BUNDLE_IDENTIFIER = sanc.Landmarks;
				PRODUCT_NAME = "$(TARGET_NAME)";
				SWIFT_VERSION = 5.0;
				TARGETED_DEVICE_FAMILY = "1,2";
			};
			name = Release;
		};
		27373119242CB92E00D36EF5 /* Debug */ = {
			isa = XCBuildConfiguration;
			buildSettings = {
				ALWAYS_EMBED_SWIFT_STANDARD_LIBRARIES = YES;
				BUNDLE_LOADER = "$(TEST_HOST)";
				CODE_SIGN_STYLE = Automatic;
				DEVELOPMENT_TEAM = 5JFWT777X3;
				INFOPLIST_FILE = LandmarksTests/Info.plist;
				IPHONEOS_DEPLOYMENT_TARGET = 13.2;
				LD_RUNPATH_SEARCH_PATHS = (
					"$(inherited)",
					"@executable_path/Frameworks",
					"@loader_path/Frameworks",
				);
				PRODUCT_BUNDLE_IDENTIFIER = sanc.LandmarksTests;
				PRODUCT_NAME = "$(TARGET_NAME)";
				SWIFT_VERSION = 5.0;
				TARGETED_DEVICE_FAMILY = "1,2";
				TEST_HOST = "$(BUILT_PRODUCTS_DIR)/Landmarks.app/Landmarks";
			};
			name = Debug;
		};
		2737311A242CB92E00D36EF5 /* Release */ = {
			isa = XCBuildConfiguration;
			buildSettings = {
				ALWAYS_EMBED_SWIFT_STANDARD_LIBRARIES = YES;
				BUNDLE_LOADER = "$(TEST_HOST)";
				CODE_SIGN_STYLE = Automatic;
				DEVELOPMENT_TEAM = 5JFWT777X3;
				INFOPLIST_FILE = LandmarksTests/Info.plist;
				IPHONEOS_DEPLOYMENT_TARGET = 13.2;
				LD_RUNPATH_SEARCH_PATHS = (
					"$(inherited)",
					"@executable_path/Frameworks",
					"@loader_path/Frameworks",
				);
				PRODUCT_BUNDLE_IDENTIFIER = sanc.LandmarksTests;
				PRODUCT_NAME = "$(TARGET_NAME)";
				SWIFT_VERSION = 5.0;
				TARGETED_DEVICE_FAMILY = "1,2";
				TEST_HOST = "$(BUILT_PRODUCTS_DIR)/Landmarks.app/Landmarks";
			};
			name = Release;
		};
		2737311C242CB92E00D36EF5 /* Debug */ = {
			isa = XCBuildConfiguration;
			buildSettings = {
				ALWAYS_EMBED_SWIFT_STANDARD_LIBRARIES = YES;
				CODE_SIGN_STYLE = Automatic;
				DEVELOPMENT_TEAM = 5JFWT777X3;
				INFOPLIST_FILE = LandmarksUITests/Info.plist;
				LD_RUNPATH_SEARCH_PATHS = (
					"$(inherited)",
					"@executable_path/Frameworks",
					"@loader_path/Frameworks",
				);
				PRODUCT_BUNDLE_IDENTIFIER = sanc.LandmarksUITests;
				PRODUCT_NAME = "$(TARGET_NAME)";
				SWIFT_VERSION = 5.0;
				TARGETED_DEVICE_FAMILY = "1,2";
				TEST_TARGET_NAME = Landmarks;
			};
			name = Debug;
		};
		2737311D242CB92E00D36EF5 /* Release */ = {
			isa = XCBuildConfiguration;
			buildSettings = {
				ALWAYS_EMBED_SWIFT_STANDARD_LIBRARIES = YES;
				CODE_SIGN_STYLE = Automatic;
				DEVELOPMENT_TEAM = 5JFWT777X3;
				INFOPLIST_FILE = LandmarksUITests/Info.plist;
				LD_RUNPATH_SEARCH_PATHS = (
					"$(inherited)",
					"@executable_path/Frameworks",
					"@loader_path/Frameworks",
				);
				PRODUCT_BUNDLE_IDENTIFIER = sanc.LandmarksUITests;
				PRODUCT_NAME = "$(TARGET_NAME)";
				SWIFT_VERSION = 5.0;
				TARGETED_DEVICE_FAMILY = "1,2";
				TEST_TARGET_NAME = Landmarks;
			};
			name = Release;
		};
/* End XCBuildConfiguration section */

/* Begin XCConfigurationList section */
		273730E6242CB92A00D36EF5 /* Build configuration list for PBXProject "Landmarks" */ = {
			isa = XCConfigurationList;
			buildConfigurations = (
				27373113242CB92E00D36EF5 /* Debug */,
				27373114242CB92E00D36EF5 /* Release */,
			);
			defaultConfigurationIsVisible = 0;
			defaultConfigurationName = Release;
		};
		27373115242CB92E00D36EF5 /* Build configuration list for PBXNativeTarget "Landmarks" */ = {
			isa = XCConfigurationList;
			buildConfigurations = (
				27373116242CB92E00D36EF5 /* Debug */,
				27373117242CB92E00D36EF5 /* Release */,
			);
			defaultConfigurationIsVisible = 0;
			defaultConfigurationName = Release;
		};
		27373118242CB92E00D36EF5 /* Build configuration list for PBXNativeTarget "LandmarksTests" */ = {
			isa = XCConfigurationList;
			buildConfigurations = (
				27373119242CB92E00D36EF5 /* Debug */,
				2737311A242CB92E00D36EF5 /* Release */,
			);
			defaultConfigurationIsVisible = 0;
			defaultConfigurationName = Release;
		};
		2737311B242CB92E00D36EF5 /* Build configuration list for PBXNativeTarget "LandmarksUITests" */ = {
			isa = XCConfigurationList;
			buildConfigurations = (
				2737311C242CB92E00D36EF5 /* Debug */,
				2737311D242CB92E00D36EF5 /* Release */,
			);
			defaultConfigurationIsVisible = 0;
			defaultConfigurationName = Release;
		};
/* End XCConfigurationList section */
	};
	rootObject = 273730E3242CB92A00D36EF5 /* Project object */;
}
